{
    "version": 3,
    "terraform_version": "0.12.29",
    "serial": 1,
    "lineage": "0992d993-762e-13f4-d86b-7de79b7564bd",
    "modules": [
        {
            "path": [
                "root"
            ],
            "outputs": {
                "aws_autoscaling_group_tfer--awseb-002D-e-002D-hi5pkfze2p-002D-stack-002D-AWSEBAutoScalingGroup-002D-ouOV27VIhHnY_id": {
                    "sensitive": false,
                    "type": "string",
                    "value": "awseb-e-hi5pkfze2p-stack-AWSEBAutoScalingGroup-ouOV27VIhHnY"
                },
                "aws_launch_configuration_tfer--awseb-002D-e-002D-hi5pkfze2p-002D-stack-002D-AWSEBAutoScalingLaunchConfiguration-002D-w2FJvD9b9CQw_id": {
                    "sensitive": false,
                    "type": "string",
                    "value": "awseb-e-hi5pkfze2p-stack-AWSEBAutoScalingLaunchConfiguration-w2FJvD9b9CQw"
                }
            },
            "resources": {
                "aws_autoscaling_group.tfer--awseb-002D-e-002D-hi5pkfze2p-002D-stack-002D-AWSEBAutoScalingGroup-002D-ouOV27VIhHnY": {
                    "type": "aws_autoscaling_group",
                    "depends_on": [],
                    "primary": {
                        "id": "awseb-e-hi5pkfze2p-stack-AWSEBAutoScalingGroup-ouOV27VIhHnY",
                        "attributes": {
                            "arn": "arn:aws:autoscaling:us-west-2:533267051268:autoScalingGroup:0f560ed1-4f00-4517-a6fe-4872f7b453eb:autoScalingGroupName/awseb-e-hi5pkfze2p-stack-AWSEBAutoScalingGroup-ouOV27VIhHnY",
                            "availability_zones.#": "3",
                            "availability_zones.0": "us-west-2a",
                            "availability_zones.1": "us-west-2b",
                            "availability_zones.2": "us-west-2c",
                            "capacity_rebalance": "false",
                            "context": "",
                            "default_cooldown": "360",
                            "default_instance_warmup": "0",
                            "desired_capacity": "2",
                            "desired_capacity_type": "",
                            "enabled_metrics.#": "0",
                            "force_delete": "false",
                            "health_check_grace_period": "0",
                            "health_check_type": "EC2",
                            "id": "awseb-e-hi5pkfze2p-stack-AWSEBAutoScalingGroup-ouOV27VIhHnY",
                            "instance_maintenance_policy.#": "0",
                            "launch_configuration": "awseb-e-hi5pkfze2p-stack-AWSEBAutoScalingLaunchConfiguration-w2FJvD9b9CQw",
                            "launch_template.#": "0",
                            "load_balancers.#": "0",
                            "max_instance_lifetime": "0",
                            "max_size": "2",
                            "metrics_granularity": "1Minute",
                            "min_size": "2",
                            "mixed_instances_policy.#": "0",
                            "name": "awseb-e-hi5pkfze2p-stack-AWSEBAutoScalingGroup-ouOV27VIhHnY",
                            "name_prefix": "",
                            "placement_group": "",
                            "predicted_capacity": "0",
                            "protect_from_scale_in": "false",
                            "service_linked_role_arn": "arn:aws:iam::533267051268:role/aws-service-role/autoscaling.amazonaws.com/AWSServiceRoleForAutoScaling",
                            "suspended_processes.#": "0",
                            "tag.#": "3",
                            "tag.0.key": "Name",
                            "tag.0.propagate_at_launch": "true",
                            "tag.0.value": "aqi-env2",
                            "tag.1.key": "elasticbeanstalk:environment-id",
                            "tag.1.propagate_at_launch": "true",
                            "tag.1.value": "e-hi5pkfze2p",
                            "tag.2.key": "elasticbeanstalk:environment-name",
                            "tag.2.propagate_at_launch": "true",
                            "tag.2.value": "aqi-env2",
                            "target_group_arns.#": "1",
                            "target_group_arns.0": "arn:aws:elasticloadbalancing:us-west-2:533267051268:targetgroup/awseb-AWSEB-FKWUZIJEYHTZ/2e4091a2b0329dfe",
                            "termination_policies.#": "0",
                            "traffic_source.#": "1",
                            "traffic_source.0.identifier": "arn:aws:elasticloadbalancing:us-west-2:533267051268:targetgroup/awseb-AWSEB-FKWUZIJEYHTZ/2e4091a2b0329dfe",
                            "traffic_source.0.type": "elbv2",
                            "vpc_zone_identifier.#": "0",
                            "wait_for_capacity_timeout": "10m",
                            "warm_pool.#": "0",
                            "warm_pool_size": "0"
                        },
                        "meta": {
                            "schema_version": 1
                        },
                        "tainted": false
                    },
                    "deposed": [],
                    "provider": "provider.aws"
                },
                "aws_launch_configuration.tfer--awseb-002D-e-002D-hi5pkfze2p-002D-stack-002D-AWSEBAutoScalingLaunchConfiguration-002D-w2FJvD9b9CQw": {
                    "type": "aws_launch_configuration",
                    "depends_on": [],
                    "primary": {
                        "id": "awseb-e-hi5pkfze2p-stack-AWSEBAutoScalingLaunchConfiguration-w2FJvD9b9CQw",
                        "attributes": {
                            "arn": "arn:aws:autoscaling:us-west-2:533267051268:launchConfiguration:225038d8-39e0-4f14-a5c0-842477cc62d0:launchConfigurationName/awseb-e-hi5pkfze2p-stack-AWSEBAutoScalingLaunchConfiguration-w2FJvD9b9CQw",
                            "associate_public_ip_address": "false",
                            "ebs_block_device.#": "0",
                            "ebs_optimized": "false",
                            "enable_monitoring": "false",
                            "ephemeral_block_device.#": "0",
                            "iam_instance_profile": "aws-elasticbeanstalk-ec2-role",
                            "id": "awseb-e-hi5pkfze2p-stack-AWSEBAutoScalingLaunchConfiguration-w2FJvD9b9CQw",
                            "image_id": "ami-0a36c308016fb92c7",
                            "instance_type": "t3.micro",
                            "key_name": "",
                            "metadata_options.#": "0",
                            "name": "awseb-e-hi5pkfze2p-stack-AWSEBAutoScalingLaunchConfiguration-w2FJvD9b9CQw",
                            "name_prefix": "",
                            "placement_tenancy": "",
                            "root_block_device.#": "0",
                            "security_groups.#": "1",
                            "security_groups.0": "awseb-e-hi5pkfze2p-stack-AWSEBSecurityGroup-MSAO01OYT02U",
                            "spot_price": "",
                            "user_data_base64": "Q29udGVudC1UeXBlOiBtdWx0aXBhcnQvbWl4ZWQ7IGJvdW5kYXJ5PSI9PT09PT09PT09PT09PT01MTg5MDY1Mzc3MjIyODk4NDA3PT0iCk1JTUUtVmVyc2lvbjogMS4wCgotLT09PT09PT09PT09PT09PTUxODkwNjUzNzcyMjI4OTg0MDc9PQpDb250ZW50LVR5cGU6IHRleHQvY2xvdWQtY29uZmlnOyBjaGFyc2V0PSJ1cy1hc2NpaSIKTUlNRS1WZXJzaW9uOiAxLjAKQ29udGVudC1UcmFuc2Zlci1FbmNvZGluZzogN2JpdApDb250ZW50LURpc3Bvc2l0aW9uOiBhdHRhY2htZW50OyBmaWxlbmFtZT0iY2xvdWQtY29uZmlnLnR4dCIKCiNjbG91ZC1jb25maWcKcmVwb191cGdyYWRlOiBub25lCnJlcG9fcmVsZWFzZXZlcjogMi4wCmNsb3VkX2ZpbmFsX21vZHVsZXM6CiAtIFtzY3JpcHRzLXVzZXIsIGFsd2F5c10KCi0tPT09PT09PT09PT09PT09NTE4OTA2NTM3NzIyMjg5ODQwNz09CkNvbnRlbnQtVHlwZTogdGV4dC94LXNoZWxsc2NyaXB0OyBjaGFyc2V0PSJ1cy1hc2NpaSIKTUlNRS1WZXJzaW9uOiAxLjAKQ29udGVudC1UcmFuc2Zlci1FbmNvZGluZzogN2JpdApDb250ZW50LURpc3Bvc2l0aW9uOiBhdHRhY2htZW50OyBmaWxlbmFtZT0idXNlci1kYXRhLnR4dCIKCiMhL2Jpbi9iYXNoCmV4ZWMgPiA+KHRlZSAtYSAvdmFyL2xvZy9lYi1jZm4taW5pdC5sb2d8bG9nZ2VyIC10IFtlYi1jZm4taW5pdF0gLXMgMj4vZGV2L2NvbnNvbGUpIDI+JjEKZWNobyBbYGRhdGUgLXUgKyIlWS0lbS0lZFQlSDolTTolU1oiYF0gU3RhcnRlZCBFQiBVc2VyIERhdGEKc2V0IC14CgoKZnVuY3Rpb24gc2xlZXBfZGVsYXkgCnsKICBpZiAoKCAkU0xFRVBfVElNRSA8ICRTTEVFUF9USU1FX01BWCApKTsgdGhlbiAKICAgIGVjaG8gU2xlZXBpbmcgJFNMRUVQX1RJTUUKICAgIHNsZWVwICRTTEVFUF9USU1FICAKICAgIFNMRUVQX1RJTUU9JCgoJFNMRUVQX1RJTUUgKiAyKSkgCiAgZWxzZSAKICAgIGVjaG8gU2xlZXBpbmcgJFNMRUVQX1RJTUVfTUFYICAKICAgIHNsZWVwICRTTEVFUF9USU1FX01BWCAgCiAgZmkKfQoKIyBFeGVjdXRpbmcgYm9vdHN0cmFwIHNjcmlwdApTTEVFUF9USU1FPTIKU0xFRVBfVElNRV9NQVg9MzYwMAp3aGlsZSB0cnVlOyBkbyAKICBjdXJsIGh0dHBzOi8vZWxhc3RpY2JlYW5zdGFsay1wbGF0Zm9ybS1hc3NldHMtdXMtd2VzdC0yLnMzLnVzLXdlc3QtMi5hbWF6b25hd3MuY29tL3N0YWxrcy9lYl9kb2NrZXJfYW1hem9uX2xpbnV4XzJfMS4wLjMzMzYuMF8yMDI0MDEyOTE4NTk0MS9saWIvVXNlckRhdGFTY3JpcHQuc2ggPiAvdG1wL2ViYm9vdHN0cmFwLnNoIAogIFJFU1VMVD0kPwogIGlmIFtbICIkUkVTVUxUIiAtbmUgMCBdXTsgdGhlbiAKICAgIHNsZWVwX2RlbGF5IAogIGVsc2UKICAgIC9iaW4vYmFzaCAvdG1wL2ViYm9vdHN0cmFwLnNoICAgICAnaHR0cHM6Ly9jbG91ZGZvcm1hdGlvbi13YWl0Y29uZGl0aW9uLXVzLXdlc3QtMi5zMy11cy13ZXN0LTIuYW1hem9uYXdzLmNvbS9hcm4lM0Fhd3MlM0FjbG91ZGZvcm1hdGlvbiUzQXVzLXdlc3QtMiUzQTUzMzI2NzA1MTI2OCUzQXN0YWNrL2F3c2ViLWUtaGk1cGtmemUycC1zdGFjay8xMzIyNmJhMC1jZjQ1LTExZWUtOWY0OS0wYTFlNjliOTlkNTUvQVdTRUJJbnN0YW5jZUxhdW5jaFdhaXRIYW5kbGU/WC1BbXotQWxnb3JpdGhtPUFXUzQtSE1BQy1TSEEyNTYmWC1BbXotRGF0ZT0yMDI0MDIxOVQxNjM2NTJaJlgtQW16LVNpZ25lZEhlYWRlcnM9aG9zdCZYLUFtei1FeHBpcmVzPTg2Mzk5JlgtQW16LUNyZWRlbnRpYWw9QUtJQUpCSlNXU1c2TkxSNjdONkElMkYyMDI0MDIxOSUyRnVzLXdlc3QtMiUyRnMzJTJGYXdzNF9yZXF1ZXN0JlgtQW16LVNpZ25hdHVyZT04ZDcxMzg4YmEzMmZhMWFlYmY5YmFiNjMxMGRkZDg0ZThjZTM5MWE1MzhlMGUwOGVmODAwZmRjZDhkZjU4ODZkJyAgICAnYXJuOmF3czpjbG91ZGZvcm1hdGlvbjp1cy13ZXN0LTI6NTMzMjY3MDUxMjY4OnN0YWNrL2F3c2ViLWUtaGk1cGtmemUycC1zdGFjay8xMzIyNmJhMC1jZjQ1LTExZWUtOWY0OS0wYTFlNjliOTlkNTUnICAgICcyZjY4MDgyNi1hMjM1LTQ5YzktYjNiZC1mZjZlYjVmNmIzYWInICAgICdodHRwczovL2VsYXN0aWNiZWFuc3RhbGstaGVhbHRoLnVzLXdlc3QtMi5hbWF6b25hd3MuY29tJyAgICAnJyAgICAnaHR0cHM6Ly9lbGFzdGljYmVhbnN0YWxrLXBsYXRmb3JtLWFzc2V0cy11cy13ZXN0LTIuczMudXMtd2VzdC0yLmFtYXpvbmF3cy5jb20vc3RhbGtzL2ViX2RvY2tlcl9hbWF6b25fbGludXhfMl8xLjAuMzMzNi4wXzIwMjQwMTI5MTg1OTQxJyAgICAndXMtd2VzdC0yJwogICAgUkVTVUxUPSQ/CiAgICBpZiBbWyAiJFJFU1VMVCIgLW5lIDAgXV07IHRoZW4gCiAgICAgIHNsZWVwX2RlbGF5IAogICAgZWxzZSAKICAgICAgZXhpdCAwICAKICAgIGZpIAogIGZpIApkb25lCgotLT09PT09PT09PT09PT09PTUxODkwNjUzNzcyMjI4OTg0MDc9PS0tIA=="
                        },
                        "meta": {
                            "schema_version": 0
                        },
                        "tainted": false
                    },
                    "deposed": [],
                    "provider": "provider.aws"
                }
            },
            "depends_on": []
        }
    ]
}
